
Microsoft Visual Studio Solution File, Format Version 12.00
Project("{FAE04EC0-301F-11D3-BF4B-00C04F79EFBC}") = "banquesalifBiaye", "banquesalifBiaye\banquesalifBiaye.csproj", "{054C37DE-D9C1-4ECC-97B8-03C3174FFF46}"
EndProject
Project("{FAE04EC0-301F-11D3-BF4B-00C04F79EFBC}") = "BanqueTests", "BanqueTests\BanqueTests.csproj", "{4A12EF6F-ADCA-428A-8117-C01BA44BEB6D}"
EndProject
Global
	GlobalSection(SolutionConfigurationPlatforms) = preSolution
		Debug|Any CPU = Debug|Any CPU
		Release|Any CPU = Release|Any CPU
	EndGlobalSection
	GlobalSection(ProjectConfigurationPlatforms) = postSolution
		{054C37DE-D9C1-4ECC-97B8-03C3174FFF46}.Debug|Any CPU.ActiveCfg = Debug|Any CPU
		{054C37DE-D9C1-4ECC-97B8-03C3174FFF46}.Debug|Any CPU.Build.0 = Debug|Any CPU
		{054C37DE-D9C1-4ECC-97B8-03C3174FFF46}.Release|Any CPU.ActiveCfg = Release|Any CPU
		{054C37DE-D9C1-4ECC-97B8-03C3174FFF46}.Release|Any CPU.Build.0 = Release|Any CPU
		{4A12EF6F-ADCA-428A-8117-C01BA44BEB6D}.Debug|Any CPU.ActiveCfg = Debug|Any CPU
		{4A12EF6F-ADCA-428A-8117-C01BA44BEB6D}.Debug|Any CPU.Build.0 = Debug|Any CPU
		{4A12EF6F-ADCA-428A-8117-C01BA44BEB6D}.Release|Any CPU.ActiveCfg = Release|Any CPU
		{4A12EF6F-ADCA-428A-8117-C01BA44BEB6D}.Release|Any CPU.Build.0 = Release|Any CPU
	EndGlobalSection
EndGlobal
